
Microsoft Visual Studio Solution File, Format Version 12.00
# Visual Studio 15
VisualStudioVersion = 15.0.28010.0
MinimumVisualStudioVersion = 10.0.40219.1
Project("{FAE04EC0-301F-11D3-BF4B-00C04F79EFBC}") = "GZipTest", "GZipTest\GZipTest.csproj", "{C97EF50B-5910-4D4A-8302-03FDAF8B3AF6}"
EndProject
Project("{FAE04EC0-301F-11D3-BF4B-00C04F79EFBC}") = "GZipTest.Test", "GZipTest.Test\GZipTest.Test.csproj", "{26361731-4220-4BD6-AEEB-522B66A1EC00}"
EndProject
Global
	GlobalSection(SolutionConfigurationPlatforms) = preSolution
		Debug|Any CPU = Debug|Any CPU
		Release|Any CPU = Release|Any CPU
	EndGlobalSection
	GlobalSection(ProjectConfigurationPlatforms) = postSolution
		{C97EF50B-5910-4D4A-8302-03FDAF8B3AF6}.Debug|Any CPU.ActiveCfg = Debug|Any CPU
		{C97EF50B-5910-4D4A-8302-03FDAF8B3AF6}.Debug|Any CPU.Build.0 = Debug|Any CPU
		{C97EF50B-5910-4D4A-8302-03FDAF8B3AF6}.Release|Any CPU.ActiveCfg = Release|Any CPU
		{C97EF50B-5910-4D4A-8302-03FDAF8B3AF6}.Release|Any CPU.Build.0 = Release|Any CPU
		{26361731-4220-4BD6-AEEB-522B66A1EC00}.Debug|Any CPU.ActiveCfg = Debug|Any CPU
		{26361731-4220-4BD6-AEEB-522B66A1EC00}.Debug|Any CPU.Build.0 = Debug|Any CPU
		{26361731-4220-4BD6-AEEB-522B66A1EC00}.Release|Any CPU.ActiveCfg = Release|Any CPU
		{26361731-4220-4BD6-AEEB-522B66A1EC00}.Release|Any CPU.Build.0 = Release|Any CPU
	EndGlobalSection
	GlobalSection(SolutionProperties) = preSolution
		HideSolutionNode = FALSE
	EndGlobalSection
	GlobalSection(ExtensibilityGlobals) = postSolution
		SolutionGuid = {960DD56C-38CB-4051-BEC1-FDD180985DF7}
	EndGlobalSection
EndGlobal
